
Microsoft Visual Studio Solution File, Format Version 12.00
# Visual Studio 15
VisualStudioVersion = 15.0.27130.2027
MinimumVisualStudioVersion = 10.0.40219.1
Project("{FAE04EC0-301F-11D3-BF4B-00C04F79EFBC}") = "ASPNETCoreSample", "ASPNETCoreSample\ASPNETCoreSample.csproj", "{2FB78D59-A315-4E89-9C39-C4C0A25D0DD8}"
EndProject
Global
	GlobalSection(SolutionConfigurationPlatforms) = preSolution
		Debug|Any CPU = Debug|Any CPU
		Release|Any CPU = Release|Any CPU
	EndGlobalSection
	GlobalSection(ProjectConfigurationPlatforms) = postSolution
		{2FB78D59-A315-4E89-9C39-C4C0A25D0DD8}.Debug|Any CPU.ActiveCfg = Debug|Any CPU
		{2FB78D59-A315-4E89-9C39-C4C0A25D0DD8}.Debug|Any CPU.Build.0 = Debug|Any CPU
		{2FB78D59-A315-4E89-9C39-C4C0A25D0DD8}.Release|Any CPU.ActiveCfg = Release|Any CPU
		{2FB78D59-A315-4E89-9C39-C4C0A25D0DD8}.Release|Any CPU.Build.0 = Release|Any CPU
	EndGlobalSection
	GlobalSection(SolutionProperties) = preSolution
		HideSolutionNode = FALSE
	EndGlobalSection
	GlobalSection(ExtensibilityGlobals) = postSolution
		SolutionGuid = {C7849FF6-5D53-4DA5-9F0E-A929F37EBD93}
	EndGlobalSection
EndGlobal
