
Microsoft Visual Studio Solution File, Format Version 12.00
# Visual Studio 15
VisualStudioVersion = 15.0.27130.2027
MinimumVisualStudioVersion = 10.0.40219.1
Project("{FAE04EC0-301F-11D3-BF4B-00C04F79EFBC}") = "BooksSample", "BooksSample\BooksSample.csproj", "{C1866E00-7FF4-4632-96E1-759245B36639}"
EndProject
Project("{9A19103F-16F7-4668-BE54-9A1E7A4F7556}") = "TheBestMVVMFrameworkInTown", "TheBestMVVMFrameworkInTown\TheBestMVVMFrameworkInTown.csproj", "{B8FC5D52-59EB-4753-A772-825FBB75CB70}"
EndProject
Project("{9A19103F-16F7-4668-BE54-9A1E7A4F7556}") = "BooksLib", "BooksLib\BooksLib.csproj", "{541322B8-4F1D-4BC6-B3CE-CB99A2217DE0}"
EndProject
Project("{2150E333-8FDC-42A3-9474-1A3956D46DE8}") = "Client", "Client", "{41D917D8-4F31-4C80-855F-DAA05572160C}"
EndProject
Project("{2150E333-8FDC-42A3-9474-1A3956D46DE8}") = "Server", "Server", "{A2D50B85-5206-4654-BAC9-C18CA3DE68A4}"
EndProject
Project("{9A19103F-16F7-4668-BE54-9A1E7A4F7556}") = "BooksData", "BooksData\BooksData.csproj", "{AB53CF4D-8C35-4732-9689-CD110BD8C50D}"
EndProject
Project("{9A19103F-16F7-4668-BE54-9A1E7A4F7556}") = "TestBooksData", "TestBooksData\TestBooksData.csproj", "{ACD0239D-2BF2-4E1A-9CD5-C8CBB715506B}"
EndProject
Project("{9A19103F-16F7-4668-BE54-9A1E7A4F7556}") = "BooksServiceApp", "BooksServiceApp\BooksServiceApp.csproj", "{BAD06916-895A-4231-B88E-3E6B70B0F613}"
EndProject
Project("{C7167F0D-BC9F-4E6E-AFE1-012C56B48DB5}") = "BooksSample.Package", "BooksSample.Package\BooksSample.Package.wapproj", "{1BA65914-F441-4E3F-886B-F0BEA41A1A8E}"
EndProject
Global
	GlobalSection(SolutionConfigurationPlatforms) = preSolution
		Debug|Any CPU = Debug|Any CPU
		Debug|x64 = Debug|x64
		Debug|x86 = Debug|x86
		Release|Any CPU = Release|Any CPU
		Release|x64 = Release|x64
		Release|x86 = Release|x86
	EndGlobalSection
	GlobalSection(ProjectConfigurationPlatforms) = postSolution
		{C1866E00-7FF4-4632-96E1-759245B36639}.Debug|Any CPU.ActiveCfg = Debug|Any CPU
		{C1866E00-7FF4-4632-96E1-759245B36639}.Debug|Any CPU.Build.0 = Debug|Any CPU
		{C1866E00-7FF4-4632-96E1-759245B36639}.Debug|x64.ActiveCfg = Debug|Any CPU
		{C1866E00-7FF4-4632-96E1-759245B36639}.Debug|x64.Build.0 = Debug|Any CPU
		{C1866E00-7FF4-4632-96E1-759245B36639}.Debug|x86.ActiveCfg = Debug|Any CPU
		{C1866E00-7FF4-4632-96E1-759245B36639}.Debug|x86.Build.0 = Debug|Any CPU
		{C1866E00-7FF4-4632-96E1-759245B36639}.Release|Any CPU.ActiveCfg = Release|Any CPU
		{C1866E00-7FF4-4632-96E1-759245B36639}.Release|Any CPU.Build.0 = Release|Any CPU
		{C1866E00-7FF4-4632-96E1-759245B36639}.Release|x64.ActiveCfg = Release|Any CPU
		{C1866E00-7FF4-4632-96E1-759245B36639}.Release|x64.Build.0 = Release|Any CPU
		{C1866E00-7FF4-4632-96E1-759245B36639}.Release|x86.ActiveCfg = Release|Any CPU
		{C1866E00-7FF4-4632-96E1-759245B36639}.Release|x86.Build.0 = Release|Any CPU
		{B8FC5D52-59EB-4753-A772-825FBB75CB70}.Debug|Any CPU.ActiveCfg = Debug|Any CPU
		{B8FC5D52-59EB-4753-A772-825FBB75CB70}.Debug|Any CPU.Build.0 = Debug|Any CPU
		{B8FC5D52-59EB-4753-A772-825FBB75CB70}.Debug|x64.ActiveCfg = Debug|Any CPU
		{B8FC5D52-59EB-4753-A772-825FBB75CB70}.Debug|x64.Build.0 = Debug|Any CPU
		{B8FC5D52-59EB-4753-A772-825FBB75CB70}.Debug|x86.ActiveCfg = Debug|Any CPU
		{B8FC5D52-59EB-4753-A772-825FBB75CB70}.Debug|x86.Build.0 = Debug|Any CPU
		{B8FC5D52-59EB-4753-A772-825FBB75CB70}.Release|Any CPU.ActiveCfg = Release|Any CPU
		{B8FC5D52-59EB-4753-A772-825FBB75CB70}.Release|Any CPU.Build.0 = Release|Any CPU
		{B8FC5D52-59EB-4753-A772-825FBB75CB70}.Release|x64.ActiveCfg = Release|Any CPU
		{B8FC5D52-59EB-4753-A772-825FBB75CB70}.Release|x64.Build.0 = Release|Any CPU
		{B8FC5D52-59EB-4753-A772-825FBB75CB70}.Release|x86.ActiveCfg = Release|Any CPU
		{B8FC5D52-59EB-4753-A772-825FBB75CB70}.Release|x86.Build.0 = Release|Any CPU
		{541322B8-4F1D-4BC6-B3CE-CB99A2217DE0}.Debug|Any CPU.ActiveCfg = Debug|Any CPU
		{541322B8-4F1D-4BC6-B3CE-CB99A2217DE0}.Debug|Any CPU.Build.0 = Debug|Any CPU
		{541322B8-4F1D-4BC6-B3CE-CB99A2217DE0}.Debug|x64.ActiveCfg = Debug|Any CPU
		{541322B8-4F1D-4BC6-B3CE-CB99A2217DE0}.Debug|x64.Build.0 = Debug|Any CPU
		{541322B8-4F1D-4BC6-B3CE-CB99A2217DE0}.Debug|x86.ActiveCfg = Debug|Any CPU
		{541322B8-4F1D-4BC6-B3CE-CB99A2217DE0}.Debug|x86.Build.0 = Debug|Any CPU
		{541322B8-4F1D-4BC6-B3CE-CB99A2217DE0}.Release|Any CPU.ActiveCfg = Release|Any CPU
		{541322B8-4F1D-4BC6-B3CE-CB99A2217DE0}.Release|Any CPU.Build.0 = Release|Any CPU
		{541322B8-4F1D-4BC6-B3CE-CB99A2217DE0}.Release|x64.ActiveCfg = Release|Any CPU
		{541322B8-4F1D-4BC6-B3CE-CB99A2217DE0}.Release|x64.Build.0 = Release|Any CPU
		{541322B8-4F1D-4BC6-B3CE-CB99A2217DE0}.Release|x86.ActiveCfg = Release|Any CPU
		{541322B8-4F1D-4BC6-B3CE-CB99A2217DE0}.Release|x86.Build.0 = Release|Any CPU
		{AB53CF4D-8C35-4732-9689-CD110BD8C50D}.Debug|Any CPU.ActiveCfg = Debug|Any CPU
		{AB53CF4D-8C35-4732-9689-CD110BD8C50D}.Debug|Any CPU.Build.0 = Debug|Any CPU
		{AB53CF4D-8C35-4732-9689-CD110BD8C50D}.Debug|x64.ActiveCfg = Debug|Any CPU
		{AB53CF4D-8C35-4732-9689-CD110BD8C50D}.Debug|x64.Build.0 = Debug|Any CPU
		{AB53CF4D-8C35-4732-9689-CD110BD8C50D}.Debug|x86.ActiveCfg = Debug|Any CPU
		{AB53CF4D-8C35-4732-9689-CD110BD8C50D}.Debug|x86.Build.0 = Debug|Any CPU
		{AB53CF4D-8C35-4732-9689-CD110BD8C50D}.Release|Any CPU.ActiveCfg = Release|Any CPU
		{AB53CF4D-8C35-4732-9689-CD110BD8C50D}.Release|Any CPU.Build.0 = Release|Any CPU
		{AB53CF4D-8C35-4732-9689-CD110BD8C50D}.Release|x64.ActiveCfg = Release|Any CPU
		{AB53CF4D-8C35-4732-9689-CD110BD8C50D}.Release|x64.Build.0 = Release|Any CPU
		{AB53CF4D-8C35-4732-9689-CD110BD8C50D}.Release|x86.ActiveCfg = Release|Any CPU
		{AB53CF4D-8C35-4732-9689-CD110BD8C50D}.Release|x86.Build.0 = Release|Any CPU
		{ACD0239D-2BF2-4E1A-9CD5-C8CBB715506B}.Debug|Any CPU.ActiveCfg = Debug|Any CPU
		{ACD0239D-2BF2-4E1A-9CD5-C8CBB715506B}.Debug|Any CPU.Build.0 = Debug|Any CPU
		{ACD0239D-2BF2-4E1A-9CD5-C8CBB715506B}.Debug|x64.ActiveCfg = Debug|Any CPU
		{ACD0239D-2BF2-4E1A-9CD5-C8CBB715506B}.Debug|x64.Build.0 = Debug|Any CPU
		{ACD0239D-2BF2-4E1A-9CD5-C8CBB715506B}.Debug|x86.ActiveCfg = Debug|Any CPU
		{ACD0239D-2BF2-4E1A-9CD5-C8CBB715506B}.Debug|x86.Build.0 = Debug|Any CPU
		{ACD0239D-2BF2-4E1A-9CD5-C8CBB715506B}.Release|Any CPU.ActiveCfg = Release|Any CPU
		{ACD0239D-2BF2-4E1A-9CD5-C8CBB715506B}.Release|Any CPU.Build.0 = Release|Any CPU
		{ACD0239D-2BF2-4E1A-9CD5-C8CBB715506B}.Release|x64.ActiveCfg = Release|Any CPU
		{ACD0239D-2BF2-4E1A-9CD5-C8CBB715506B}.Release|x64.Build.0 = Release|Any CPU
		{ACD0239D-2BF2-4E1A-9CD5-C8CBB715506B}.Release|x86.ActiveCfg = Release|Any CPU
		{ACD0239D-2BF2-4E1A-9CD5-C8CBB715506B}.Release|x86.Build.0 = Release|Any CPU
		{BAD06916-895A-4231-B88E-3E6B70B0F613}.Debug|Any CPU.ActiveCfg = Debug|Any CPU
		{BAD06916-895A-4231-B88E-3E6B70B0F613}.Debug|Any CPU.Build.0 = Debug|Any CPU
		{BAD06916-895A-4231-B88E-3E6B70B0F613}.Debug|x64.ActiveCfg = Debug|Any CPU
		{BAD06916-895A-4231-B88E-3E6B70B0F613}.Debug|x64.Build.0 = Debug|Any CPU
		{BAD06916-895A-4231-B88E-3E6B70B0F613}.Debug|x86.ActiveCfg = Debug|Any CPU
		{BAD06916-895A-4231-B88E-3E6B70B0F613}.Debug|x86.Build.0 = Debug|Any CPU
		{BAD06916-895A-4231-B88E-3E6B70B0F613}.Release|Any CPU.ActiveCfg = Release|Any CPU
		{BAD06916-895A-4231-B88E-3E6B70B0F613}.Release|Any CPU.Build.0 = Release|Any CPU
		{BAD06916-895A-4231-B88E-3E6B70B0F613}.Release|x64.ActiveCfg = Release|Any CPU
		{BAD06916-895A-4231-B88E-3E6B70B0F613}.Release|x64.Build.0 = Release|Any CPU
		{BAD06916-895A-4231-B88E-3E6B70B0F613}.Release|x86.ActiveCfg = Release|Any CPU
		{BAD06916-895A-4231-B88E-3E6B70B0F613}.Release|x86.Build.0 = Release|Any CPU
		{1BA65914-F441-4E3F-886B-F0BEA41A1A8E}.Debug|Any CPU.ActiveCfg = Debug|Any CPU
		{1BA65914-F441-4E3F-886B-F0BEA41A1A8E}.Debug|Any CPU.Build.0 = Debug|Any CPU
		{1BA65914-F441-4E3F-886B-F0BEA41A1A8E}.Debug|Any CPU.Deploy.0 = Debug|Any CPU
		{1BA65914-F441-4E3F-886B-F0BEA41A1A8E}.Debug|x64.ActiveCfg = Debug|x64
		{1BA65914-F441-4E3F-886B-F0BEA41A1A8E}.Debug|x64.Build.0 = Debug|x64
		{1BA65914-F441-4E3F-886B-F0BEA41A1A8E}.Debug|x64.Deploy.0 = Debug|x64
		{1BA65914-F441-4E3F-886B-F0BEA41A1A8E}.Debug|x86.ActiveCfg = Debug|x86
		{1BA65914-F441-4E3F-886B-F0BEA41A1A8E}.Debug|x86.Build.0 = Debug|x86
		{1BA65914-F441-4E3F-886B-F0BEA41A1A8E}.Debug|x86.Deploy.0 = Debug|x86
		{1BA65914-F441-4E3F-886B-F0BEA41A1A8E}.Release|Any CPU.ActiveCfg = Release|Any CPU
		{1BA65914-F441-4E3F-886B-F0BEA41A1A8E}.Release|Any CPU.Build.0 = Release|Any CPU
		{1BA65914-F441-4E3F-886B-F0BEA41A1A8E}.Release|Any CPU.Deploy.0 = Release|Any CPU
		{1BA65914-F441-4E3F-886B-F0BEA41A1A8E}.Release|x64.ActiveCfg = Release|x64
		{1BA65914-F441-4E3F-886B-F0BEA41A1A8E}.Release|x64.Build.0 = Release|x64
		{1BA65914-F441-4E3F-886B-F0BEA41A1A8E}.Release|x64.Deploy.0 = Release|x64
		{1BA65914-F441-4E3F-886B-F0BEA41A1A8E}.Release|x86.ActiveCfg = Release|x86
		{1BA65914-F441-4E3F-886B-F0BEA41A1A8E}.Release|x86.Build.0 = Release|x86
		{1BA65914-F441-4E3F-886B-F0BEA41A1A8E}.Release|x86.Deploy.0 = Release|x86
	EndGlobalSection
	GlobalSection(SolutionProperties) = preSolution
		HideSolutionNode = FALSE
	EndGlobalSection
	GlobalSection(NestedProjects) = preSolution
		{C1866E00-7FF4-4632-96E1-759245B36639} = {41D917D8-4F31-4C80-855F-DAA05572160C}
		{B8FC5D52-59EB-4753-A772-825FBB75CB70} = {41D917D8-4F31-4C80-855F-DAA05572160C}
		{541322B8-4F1D-4BC6-B3CE-CB99A2217DE0} = {41D917D8-4F31-4C80-855F-DAA05572160C}
		{AB53CF4D-8C35-4732-9689-CD110BD8C50D} = {A2D50B85-5206-4654-BAC9-C18CA3DE68A4}
		{ACD0239D-2BF2-4E1A-9CD5-C8CBB715506B} = {A2D50B85-5206-4654-BAC9-C18CA3DE68A4}
		{BAD06916-895A-4231-B88E-3E6B70B0F613} = {A2D50B85-5206-4654-BAC9-C18CA3DE68A4}
		{1BA65914-F441-4E3F-886B-F0BEA41A1A8E} = {41D917D8-4F31-4C80-855F-DAA05572160C}
	EndGlobalSection
	GlobalSection(ExtensibilityGlobals) = postSolution
		SolutionGuid = {8367CBE7-EE02-4FF8-A4DE-943DEAFF67EA}
	EndGlobalSection
EndGlobal
